// !$*UTF8*$!
{
	archiveVersion = 1;
	classes = {
	};
	objectVersion = 46;
	objects = {

/* Begin PBXBuildFile section */
		504B3A721CBE2B6600F7CD5B /* main.m in Sources */ = {isa = PBXBuildFile; fileRef = 504B3A711CBE2B6600F7CD5B /* main.m */; };
		504B3A751CBE2B6600F7CD5B /* AppDelegate.m in Sources */ = {isa = PBXBuildFile; fileRef = 504B3A741CBE2B6600F7CD5B /* AppDelegate.m */; };
		504B3A781CBE2B6600F7CD5B /* ViewController.m in Sources */ = {isa = PBXBuildFile; fileRef = 504B3A771CBE2B6600F7CD5B /* ViewController.m */; };
		504B3A7B1CBE2B6600F7CD5B /* Main.storyboard in Resources */ = {isa = PBXBuildFile; fileRef = 504B3A791CBE2B6600F7CD5B /* Main.storyboard */; };
		504B3A7D1CBE2B6600F7CD5B /* Assets.xcassets in Resources */ = {isa = PBXBuildFile; fileRef = 504B3A7C1CBE2B6600F7CD5B /* Assets.xcassets */; };
		504B3A801CBE2B6600F7CD5B /* LaunchScreen.storyboard in Resources */ = {isa = PBXBuildFile; fileRef = 504B3A7E1CBE2B6600F7CD5B /* LaunchScreen.storyboard */; };
		504B3A8B1CBE2B6600F7CD5B /* DataStorageTests.m in Sources */ = {isa = PBXBuildFile; fileRef = 504B3A8A1CBE2B6600F7CD5B /* DataStorageTests.m */; };
		504B3A961CBE2B6600F7CD5B /* DataStorageUITests.m in Sources */ = {isa = PBXBuildFile; fileRef = 504B3A951CBE2B6600F7CD5B /* DataStorageUITests.m */; };
		504B3AA61CBE2E1100F7CD5B /* Student.m in Sources */ = {isa = PBXBuildFile; fileRef = 504B3AA51CBE2E1100F7CD5B /* Student.m */; };
		504B3AA91CBE2ED100F7CD5B /* Archiver_Test.m in Sources */ = {isa = PBXBuildFile; fileRef = 504B3AA81CBE2ED100F7CD5B /* Archiver_Test.m */; };
		504B3AAD1CBE415D00F7CD5B /* WriteToFile_Test.m in Sources */ = {isa = PBXBuildFile; fileRef = 504B3AAC1CBE415D00F7CD5B /* WriteToFile_Test.m */; };
		504B3AB11CBE46F900F7CD5B /* SQLite_Test.m in Sources */ = {isa = PBXBuildFile; fileRef = 504B3AB01CBE46F900F7CD5B /* SQLite_Test.m */; };
		504B3AB41CBE488300F7CD5B /* SQLite_Tool.m in Sources */ = {isa = PBXBuildFile; fileRef = 504B3AB31CBE488300F7CD5B /* SQLite_Tool.m */; };
		504B3AB61CBE4C7900F7CD5B /* libsqlite3.tbd in Frameworks */ = {isa = PBXBuildFile; fileRef = 504B3AB51CBE4C7900F7CD5B /* libsqlite3.tbd */; };
		504B3AB91CBE4EA800F7CD5B /* Person.m in Sources */ = {isa = PBXBuildFile; fileRef = 504B3AB81CBE4EA800F7CD5B /* Person.m */; };
		5057D53B1CC0B4A200E017EA /* SQLite_Thread.m in Sources */ = {isa = PBXBuildFile; fileRef = 5057D53A1CC0B4A200E017EA /* SQLite_Thread.m */; };
/* End PBXBuildFile section */

/* Begin PBXContainerItemProxy section */
		504B3A871CBE2B6600F7CD5B /* PBXContainerItemProxy */ = {
			isa = PBXContainerItemProxy;
			containerPortal = 504B3A651CBE2B6600F7CD5B /* Project object */;
			proxyType = 1;
			remoteGlobalIDString = 504B3A6C1CBE2B6600F7CD5B;
			remoteInfo = DataStorage;
		};
		504B3A921CBE2B6600F7CD5B /* PBXContainerItemProxy */ = {
			isa = PBXContainerItemProxy;
			containerPortal = 504B3A651CBE2B6600F7CD5B /* Project object */;
			proxyType = 1;
			remoteGlobalIDString = 504B3A6C1CBE2B6600F7CD5B;
			remoteInfo = DataStorage;
		};
/* End PBXContainerItemProxy section */

/* Begin PBXFileReference section */
		504B3A6D1CBE2B6600F7CD5B /* DataStorage.app */ = {isa = PBXFileReference; explicitFileType = wrapper.application; includeInIndex = 0; path = DataStorage.app; sourceTree = BUILT_PRODUCTS_DIR; };
		504B3A711CBE2B6600F7CD5B /* main.m */ = {isa = PBXFileReference; lastKnownFileType = sourcecode.c.objc; path = main.m; sourceTree = "<group>"; };
		504B3A731CBE2B6600F7CD5B /* AppDelegate.h */ = {isa = PBXFileReference; lastKnownFileType = sourcecode.c.h; path = AppDelegate.h; sourceTree = "<group>"; };
		504B3A741CBE2B6600F7CD5B /* AppDelegate.m */ = {isa = PBXFileReference; lastKnownFileType = sourcecode.c.objc; path = AppDelegate.m; sourceTree = "<group>"; };
		504B3A761CBE2B6600F7CD5B /* ViewController.h */ = {isa = PBXFileReference; lastKnownFileType = sourcecode.c.h; path = ViewController.h; sourceTree = "<group>"; };
		504B3A771CBE2B6600F7CD5B /* ViewController.m */ = {isa = PBXFileReference; lastKnownFileType = sourcecode.c.objc; path = ViewController.m; sourceTree = "<group>"; };
		504B3A7A1CBE2B6600F7CD5B /* Base */ = {isa = PBXFileReference; lastKnownFileType = file.storyboard; name = Base; path = Base.lproj/Main.storyboard; sourceTree = "<group>"; };
		504B3A7C1CBE2B6600F7CD5B /* Assets.xcassets */ = {isa = PBXFileReference; lastKnownFileType = folder.assetcatalog; path = Assets.xcassets; sourceTree = "<group>"; };
		504B3A7F1CBE2B6600F7CD5B /* Base */ = {isa = PBXFileReference; lastKnownFileType = file.storyboard; name = Base; path = Base.lproj/LaunchScreen.storyboard; sourceTree = "<group>"; };
		504B3A811CBE2B6600F7CD5B /* Info.plist */ = {isa = PBXFileReference; lastKnownFileType = text.plist.xml; path = Info.plist; sourceTree = "<group>"; };
		504B3A861CBE2B6600F7CD5B /* DataStorageTests.xctest */ = {isa = PBXFileReference; explicitFileType = wrapper.cfbundle; includeInIndex = 0; path = DataStorageTests.xctest; sourceTree = BUILT_PRODUCTS_DIR; };
		504B3A8A1CBE2B6600F7CD5B /* DataStorageTests.m */ = {isa = PBXFileReference; lastKnownFileType = sourcecode.c.objc; path = DataStorageTests.m; sourceTree = "<group>"; };
		504B3A8C1CBE2B6600F7CD5B /* Info.plist */ = {isa = PBXFileReference; lastKnownFileType = text.plist.xml; path = Info.plist; sourceTree = "<group>"; };
		504B3A911CBE2B6600F7CD5B /* DataStorageUITests.xctest */ = {isa = PBXFileReference; explicitFileType = wrapper.cfbundle; includeInIndex = 0; path = DataStorageUITests.xctest; sourceTree = BUILT_PRODUCTS_DIR; };
		504B3A951CBE2B6600F7CD5B /* DataStorageUITests.m */ = {isa = PBXFileReference; lastKnownFileType = sourcecode.c.objc; path = DataStorageUITests.m; sourceTree = "<group>"; };
		504B3A971CBE2B6600F7CD5B /* Info.plist */ = {isa = PBXFileReference; lastKnownFileType = text.plist.xml; path = Info.plist; sourceTree = "<group>"; };
		504B3AA41CBE2E1100F7CD5B /* Student.h */ = {isa = PBXFileReference; fileEncoding = 4; lastKnownFileType = sourcecode.c.h; path = Student.h; sourceTree = "<group>"; };
		504B3AA51CBE2E1100F7CD5B /* Student.m */ = {isa = PBXFileReference; fileEncoding = 4; lastKnownFileType = sourcecode.c.objc; path = Student.m; sourceTree = "<group>"; };
		504B3AA71CBE2ED100F7CD5B /* Archiver_Test.h */ = {isa = PBXFileReference; fileEncoding = 4; lastKnownFileType = sourcecode.c.h; path = Archiver_Test.h; sourceTree = "<group>"; };
		504B3AA81CBE2ED100F7CD5B /* Archiver_Test.m */ = {isa = PBXFileReference; fileEncoding = 4; lastKnownFileType = sourcecode.c.objc; path = Archiver_Test.m; sourceTree = "<group>"; };
		504B3AAB1CBE415D00F7CD5B /* WriteToFile_Test.h */ = {isa = PBXFileReference; fileEncoding = 4; lastKnownFileType = sourcecode.c.h; path = WriteToFile_Test.h; sourceTree = "<group>"; };
		504B3AAC1CBE415D00F7CD5B /* WriteToFile_Test.m */ = {isa = PBXFileReference; fileEncoding = 4; lastKnownFileType = sourcecode.c.objc; path = WriteToFile_Test.m; sourceTree = "<group>"; };
		504B3AAF1CBE46F900F7CD5B /* SQLite_Test.h */ = {isa = PBXFileReference; fileEncoding = 4; lastKnownFileType = sourcecode.c.h; path = SQLite_Test.h; sourceTree = "<group>"; };
		504B3AB01CBE46F900F7CD5B /* SQLite_Test.m */ = {isa = PBXFileReference; fileEncoding = 4; lastKnownFileType = sourcecode.c.objc; path = SQLite_Test.m; sourceTree = "<group>"; };
		504B3AB21CBE488300F7CD5B /* SQLite_Tool.h */ = {isa = PBXFileReference; fileEncoding = 4; lastKnownFileType = sourcecode.c.h; path = SQLite_Tool.h; sourceTree = "<group>"; };
		504B3AB31CBE488300F7CD5B /* SQLite_Tool.m */ = {isa = PBXFileReference; fileEncoding = 4; lastKnownFileType = sourcecode.c.objc; path = SQLite_Tool.m; sourceTree = "<group>"; };
		504B3AB51CBE4C7900F7CD5B /* libsqlite3.tbd */ = {isa = PBXFileReference; lastKnownFileType = "sourcecode.text-based-dylib-definition"; name = libsqlite3.tbd; path = usr/lib/libsqlite3.tbd; sourceTree = SDKROOT; };
		504B3AB71CBE4EA800F7CD5B /* Person.h */ = {isa = PBXFileReference; fileEncoding = 4; lastKnownFileType = sourcecode.c.h; path = Person.h; sourceTree = "<group>"; };
		504B3AB81CBE4EA800F7CD5B /* Person.m */ = {isa = PBXFileReference; fileEncoding = 4; lastKnownFileType = sourcecode.c.objc; path = Person.m; sourceTree = "<group>"; };
		5057D5391CC0B4A200E017EA /* SQLite_Thread.h */ = {isa = PBXFileReference; fileEncoding = 4; lastKnownFileType = sourcecode.c.h; path = SQLite_Thread.h; sourceTree = "<group>"; };
		5057D53A1CC0B4A200E017EA /* SQLite_Thread.m */ = {isa = PBXFileReference; fileEncoding = 4; lastKnownFileType = sourcecode.c.objc; path = SQLite_Thread.m; sourceTree = "<group>"; };
/* End PBXFileReference section */

/* Begin PBXFrameworksBuildPhase section */
		504B3A6A1CBE2B6600F7CD5B /* Frameworks */ = {
			isa = PBXFrameworksBuildPhase;
			buildActionMask = 2147483647;
			files = (
				504B3AB61CBE4C7900F7CD5B /* libsqlite3.tbd in Frameworks */,
			);
			runOnlyForDeploymentPostprocessing = 0;
		};
		504B3A831CBE2B6600F7CD5B /* Frameworks */ = {
			isa = PBXFrameworksBuildPhase;
			buildActionMask = 2147483647;
			files = (
			);
			runOnlyForDeploymentPostprocessing = 0;
		};
		504B3A8E1CBE2B6600F7CD5B /* Frameworks */ = {
			isa = PBXFrameworksBuildPhase;
			buildActionMask = 2147483647;
			files = (
			);
			runOnlyForDeploymentPostprocessing = 0;
		};
/* End PBXFrameworksBuildPhase section */

/* Begin PBXGroup section */
		504B3A641CBE2B6600F7CD5B = {
			isa = PBXGroup;
			children = (
				504B3AB51CBE4C7900F7CD5B /* libsqlite3.tbd */,
				504B3A6F1CBE2B6600F7CD5B /* DataStorage */,
				504B3A891CBE2B6600F7CD5B /* DataStorageTests */,
				504B3A941CBE2B6600F7CD5B /* DataStorageUITests */,
				504B3A6E1CBE2B6600F7CD5B /* Products */,
			);
			sourceTree = "<group>";
		};
		504B3A6E1CBE2B6600F7CD5B /* Products */ = {
			isa = PBXGroup;
			children = (
				504B3A6D1CBE2B6600F7CD5B /* DataStorage.app */,
				504B3A861CBE2B6600F7CD5B /* DataStorageTests.xctest */,
				504B3A911CBE2B6600F7CD5B /* DataStorageUITests.xctest */,
			);
			name = Products;
			sourceTree = "<group>";
		};
		504B3A6F1CBE2B6600F7CD5B /* DataStorage */ = {
			isa = PBXGroup;
			children = (
				504B3A731CBE2B6600F7CD5B /* AppDelegate.h */,
				504B3A741CBE2B6600F7CD5B /* AppDelegate.m */,
				504B3A761CBE2B6600F7CD5B /* ViewController.h */,
				504B3A771CBE2B6600F7CD5B /* ViewController.m */,
				504B3AAE1CBE46DB00F7CD5B /* DataStorage_SQLite */,
				504B3AAA1CBE413C00F7CD5B /* DataStorage_WriteToFile */,
				504B3AA31CBE2DE700F7CD5B /* DataStorage_Archiver */,
				504B3A791CBE2B6600F7CD5B /* Main.storyboard */,
				504B3A7C1CBE2B6600F7CD5B /* Assets.xcassets */,
				504B3A7E1CBE2B6600F7CD5B /* LaunchScreen.storyboard */,
				504B3A811CBE2B6600F7CD5B /* Info.plist */,
				504B3A701CBE2B6600F7CD5B /* Supporting Files */,
			);
			path = DataStorage;
			sourceTree = "<group>";
		};
		504B3A701CBE2B6600F7CD5B /* Supporting Files */ = {
			isa = PBXGroup;
			children = (
				504B3A711CBE2B6600F7CD5B /* main.m */,
			);
			name = "Supporting Files";
			sourceTree = "<group>";
		};
		504B3A891CBE2B6600F7CD5B /* DataStorageTests */ = {
			isa = PBXGroup;
			children = (
				504B3A8A1CBE2B6600F7CD5B /* DataStorageTests.m */,
				504B3A8C1CBE2B6600F7CD5B /* Info.plist */,
			);
			path = DataStorageTests;
			sourceTree = "<group>";
		};
		504B3A941CBE2B6600F7CD5B /* DataStorageUITests */ = {
			isa = PBXGroup;
			children = (
				504B3A951CBE2B6600F7CD5B /* DataStorageUITests.m */,
				504B3A971CBE2B6600F7CD5B /* Info.plist */,
			);
			path = DataStorageUITests;
			sourceTree = "<group>";
		};
		504B3AA31CBE2DE700F7CD5B /* DataStorage_Archiver */ = {
			isa = PBXGroup;
			children = (
				504B3AA41CBE2E1100F7CD5B /* Student.h */,
				504B3AA51CBE2E1100F7CD5B /* Student.m */,
				504B3AA71CBE2ED100F7CD5B /* Archiver_Test.h */,
				504B3AA81CBE2ED100F7CD5B /* Archiver_Test.m */,
			);
			path = DataStorage_Archiver;
			sourceTree = "<group>";
		};
		504B3AAA1CBE413C00F7CD5B /* DataStorage_WriteToFile */ = {
			isa = PBXGroup;
			children = (
				504B3AAB1CBE415D00F7CD5B /* WriteToFile_Test.h */,
				504B3AAC1CBE415D00F7CD5B /* WriteToFile_Test.m */,
			);
			path = DataStorage_WriteToFile;
			sourceTree = "<group>";
		};
		504B3AAE1CBE46DB00F7CD5B /* DataStorage_SQLite */ = {
			isa = PBXGroup;
			children = (
				504B3AAF1CBE46F900F7CD5B /* SQLite_Test.h */,
				504B3AB01CBE46F900F7CD5B /* SQLite_Test.m */,
				504B3AB21CBE488300F7CD5B /* SQLite_Tool.h */,
				504B3AB31CBE488300F7CD5B /* SQLite_Tool.m */,
				5057D5391CC0B4A200E017EA /* SQLite_Thread.h */,
				5057D53A1CC0B4A200E017EA /* SQLite_Thread.m */,
				504B3AB71CBE4EA800F7CD5B /* Person.h */,
				504B3AB81CBE4EA800F7CD5B /* Person.m */,
			);
			path = DataStorage_SQLite;
			sourceTree = "<group>";
		};
/* End PBXGroup section */

/* Begin PBXNativeTarget section */
		504B3A6C1CBE2B6600F7CD5B /* DataStorage */ = {
			isa = PBXNativeTarget;
			buildConfigurationList = 504B3A9A1CBE2B6600F7CD5B /* Build configuration list for PBXNativeTarget "DataStorage" */;
			buildPhases = (
				504B3A691CBE2B6600F7CD5B /* Sources */,
				504B3A6A1CBE2B6600F7CD5B /* Frameworks */,
				504B3A6B1CBE2B6600F7CD5B /* Resources */,
			);
			buildRules = (
			);
			dependencies = (
			);
			name = DataStorage;
			productName = DataStorage;
			productReference = 504B3A6D1CBE2B6600F7CD5B /* DataStorage.app */;
			productType = "com.apple.product-type.application";
		};
		504B3A851CBE2B6600F7CD5B /* DataStorageTests */ = {
			isa = PBXNativeTarget;
			buildConfigurationList = 504B3A9D1CBE2B6600F7CD5B /* Build configuration list for PBXNativeTarget "DataStorageTests" */;
			buildPhases = (
				504B3A821CBE2B6600F7CD5B /* Sources */,
				504B3A831CBE2B6600F7CD5B /* Frameworks */,
				504B3A841CBE2B6600F7CD5B /* Resources */,
			);
			buildRules = (
			);
			dependencies = (
				504B3A881CBE2B6600F7CD5B /* PBXTargetDependency */,
			);
			name = DataStorageTests;
			productName = DataStorageTests;
			productReference = 504B3A861CBE2B6600F7CD5B /* DataStorageTests.xctest */;
			productType = "com.apple.product-type.bundle.unit-test";
		};
		504B3A901CBE2B6600F7CD5B /* DataStorageUITests */ = {
			isa = PBXNativeTarget;
			buildConfigurationList = 504B3AA01CBE2B6600F7CD5B /* Build configuration list for PBXNativeTarget "DataStorageUITests" */;
			buildPhases = (
				504B3A8D1CBE2B6600F7CD5B /* Sources */,
				504B3A8E1CBE2B6600F7CD5B /* Frameworks */,
				504B3A8F1CBE2B6600F7CD5B /* Resources */,
			);
			buildRules = (
			);
			dependencies = (
				504B3A931CBE2B6600F7CD5B /* PBXTargetDependency */,
			);
			name = DataStorageUITests;
			productName = DataStorageUITests;
			productReference = 504B3A911CBE2B6600F7CD5B /* DataStorageUITests.xctest */;
			productType = "com.apple.product-type.bundle.ui-testing";
		};
/* End PBXNativeTarget section */

/* Begin PBXProject section */
		504B3A651CBE2B6600F7CD5B /* Project object */ = {
			isa = PBXProject;
			attributes = {
				LastUpgradeCheck = 0720;
				ORGANIZATIONNAME = xingbida;
				TargetAttributes = {
					504B3A6C1CBE2B6600F7CD5B = {
						CreatedOnToolsVersion = 7.2.1;
					};
					504B3A851CBE2B6600F7CD5B = {
						CreatedOnToolsVersion = 7.2.1;
						TestTargetID = 504B3A6C1CBE2B6600F7CD5B;
					};
					504B3A901CBE2B6600F7CD5B = {
						CreatedOnToolsVersion = 7.2.1;
						TestTargetID = 504B3A6C1CBE2B6600F7CD5B;
					};
				};
			};
			buildConfigurationList = 504B3A681CBE2B6600F7CD5B /* Build configuration list for PBXProject "DataStorage" */;
			compatibilityVersion = "Xcode 3.2";
			developmentRegion = English;
			hasScannedForEncodings = 0;
			knownRegions = (
				en,
				Base,
			);
			mainGroup = 504B3A641CBE2B6600F7CD5B;
			productRefGroup = 504B3A6E1CBE2B6600F7CD5B /* Products */;
			projectDirPath = "";
			projectRoot = "";
			targets = (
				504B3A6C1CBE2B6600F7CD5B /* DataStorage */,
				504B3A851CBE2B6600F7CD5B /* DataStorageTests */,
				504B3A901CBE2B6600F7CD5B /* DataStorageUITests */,
			);
		};
/* End PBXProject section */

/* Begin PBXResourcesBuildPhase section */
		504B3A6B1CBE2B6600F7CD5B /* Resources */ = {
			isa = PBXResourcesBuildPhase;
			buildActionMask = 2147483647;
			files = (
				504B3A801CBE2B6600F7CD5B /* LaunchScreen.storyboard in Resources */,
				504B3A7D1CBE2B6600F7CD5B /* Assets.xcassets in Resources */,
				504B3A7B1CBE2B6600F7CD5B /* Main.storyboard in Resources */,
			);
			runOnlyForDeploymentPostprocessing = 0;
		};
		504B3A841CBE2B6600F7CD5B /* Resources */ = {
			isa = PBXResourcesBuildPhase;
			buildActionMask = 2147483647;
			files = (
			);
			runOnlyForDeploymentPostprocessing = 0;
		};
		504B3A8F1CBE2B6600F7CD5B /* Resources */ = {
			isa = PBXResourcesBuildPhase;
			buildActionMask = 2147483647;
			files = (
			);
			runOnlyForDeploymentPostprocessing = 0;
		};
/* End PBXResourcesBuildPhase section */

/* Begin PBXSourcesBuildPhase section */
		504B3A691CBE2B6600F7CD5B /* Sources */ = {
			isa = PBXSourcesBuildPhase;
			buildActionMask = 2147483647;
			files = (
				504B3A781CBE2B6600F7CD5B /* ViewController.m in Sources */,
				504B3A751CBE2B6600F7CD5B /* AppDelegate.m in Sources */,
				504B3AB11CBE46F900F7CD5B /* SQLite_Test.m in Sources */,
				504B3AAD1CBE415D00F7CD5B /* WriteToFile_Test.m in Sources */,
				504B3AA91CBE2ED100F7CD5B /* Archiver_Test.m in Sources */,
				504B3A721CBE2B6600F7CD5B /* main.m in Sources */,
				504B3AB91CBE4EA800F7CD5B /* Person.m in Sources */,
				504B3AA61CBE2E1100F7CD5B /* Student.m in Sources */,
				504B3AB41CBE488300F7CD5B /* SQLite_Tool.m in Sources */,
				5057D53B1CC0B4A200E017EA /* SQLite_Thread.m in Sources */,
			);
			runOnlyForDeploymentPostprocessing = 0;
		};
		504B3A821CBE2B6600F7CD5B /* Sources */ = {
			isa = PBXSourcesBuildPhase;
			buildActionMask = 2147483647;
			files = (
				504B3A8B1CBE2B6600F7CD5B /* DataStorageTests.m in Sources */,
			);
			runOnlyForDeploymentPostprocessing = 0;
		};
		504B3A8D1CBE2B6600F7CD5B /* Sources */ = {
			isa = PBXSourcesBuildPhase;
			buildActionMask = 2147483647;
			files = (
				504B3A961CBE2B6600F7CD5B /* DataStorageUITests.m in Sources */,
			);
			runOnlyForDeploymentPostprocessing = 0;
		};
/* End PBXSourcesBuildPhase section */

/* Begin PBXTargetDependency section */
		504B3A881CBE2B6600F7CD5B /* PBXTargetDependency */ = {
			isa = PBXTargetDependency;
			target = 504B3A6C1CBE2B6600F7CD5B /* DataStorage */;
			targetProxy = 504B3A871CBE2B6600F7CD5B /* PBXContainerItemProxy */;
		};
		504B3A931CBE2B6600F7CD5B /* PBXTargetDependency */ = {
			isa = PBXTargetDependency;
			target = 504B3A6C1CBE2B6600F7CD5B /* DataStorage */;
			targetProxy = 504B3A921CBE2B6600F7CD5B /* PBXContainerItemProxy */;
		};
/* End PBXTargetDependency section */

/* Begin PBXVariantGroup section */
		504B3A791CBE2B6600F7CD5B /* Main.storyboard */ = {
			isa = PBXVariantGroup;
			children = (
				504B3A7A1CBE2B6600F7CD5B /* Base */,
			);
			name = Main.storyboard;
			sourceTree = "<group>";
		};
		504B3A7E1CBE2B6600F7CD5B /* LaunchScreen.storyboard */ = {
			isa = PBXVariantGroup;
			children = (
				504B3A7F1CBE2B6600F7CD5B /* Base */,
			);
			name = LaunchScreen.storyboard;
			sourceTree = "<group>";
		};
/* End PBXVariantGroup section */

/* Begin XCBuildConfiguration section */
		504B3A981CBE2B6600F7CD5B /* Debug */ = {
			isa = XCBuildConfiguration;
			buildSettings = {
				ALWAYS_SEARCH_USER_PATHS = NO;
				CLANG_CXX_LANGUAGE_STANDARD = "gnu++0x";
				CLANG_CXX_LIBRARY = "libc++";
				CLANG_ENABLE_MODULES = YES;
				CLANG_ENABLE_OBJC_ARC = YES;
				CLANG_WARN_BOOL_CONVERSION = YES;
				CLANG_WARN_CONSTANT_CONVERSION = YES;
				CLANG_WARN_DIRECT_OBJC_ISA_USAGE = YES_ERROR;
				CLANG_WARN_EMPTY_BODY = YES;
				CLANG_WARN_ENUM_CONVERSION = YES;
				CLANG_WARN_INT_CONVERSION = YES;
				CLANG_WARN_OBJC_ROOT_CLASS = YES_ERROR;
				CLANG_WARN_UNREACHABLE_CODE = YES;
				CLANG_WARN__DUPLICATE_METHOD_MATCH = YES;
				"CODE_SIGN_IDENTITY[sdk=iphoneos*]" = "iPhone Developer";
				COPY_PHASE_STRIP = NO;
				DEBUG_INFORMATION_FORMAT = dwarf;
				ENABLE_STRICT_OBJC_MSGSEND = YES;
				ENABLE_TESTABILITY = YES;
				GCC_C_LANGUAGE_STANDARD = gnu99;
				GCC_DYNAMIC_NO_PIC = NO;
				GCC_NO_COMMON_BLOCKS = YES;
				GCC_OPTIMIZATION_LEVEL = 0;
				GCC_PREPROCESSOR_DEFINITIONS = (
					"DEBUG=1",
					"$(inherited)",
				);
				GCC_WARN_64_TO_32_BIT_CONVERSION = YES;
				GCC_WARN_ABOUT_RETURN_TYPE = YES_ERROR;
				GCC_WARN_UNDECLARED_SELECTOR = YES;
				GCC_WARN_UNINITIALIZED_AUTOS = YES_AGGRESSIVE;
				GCC_WARN_UNUSED_FUNCTION = YES;
				GCC_WARN_UNUSED_VARIABLE = YES;
				IPHONEOS_DEPLOYMENT_TARGET = 9.2;
				MTL_ENABLE_DEBUG_INFO = YES;
				ONLY_ACTIVE_ARCH = YES;
				SDKROOT = iphoneos;
				TARGETED_DEVICE_FAMILY = "1,2";
			};
			name = Debug;
		};
		504B3A991CBE2B6600F7CD5B /* Release */ = {
			isa = XCBuildConfiguration;
			buildSettings = {
				ALWAYS_SEARCH_USER_PATHS = NO;
				CLANG_CXX_LANGUAGE_STANDARD = "gnu++0x";
				CLANG_CXX_LIBRARY = "libc++";
				CLANG_ENABLE_MODULES = YES;
				CLANG_ENABLE_OBJC_ARC = YES;
				CLANG_WARN_BOOL_CONVERSION = YES;
				CLANG_WARN_CONSTANT_CONVERSION = YES;
				CLANG_WARN_DIRECT_OBJC_ISA_USAGE = YES_ERROR;
				CLANG_WARN_EMPTY_BODY = YES;
				CLANG_WARN_ENUM_CONVERSION = YES;
				CLANG_WARN_INT_CONVERSION = YES;
				CLANG_WARN_OBJC_ROOT_CLASS = YES_ERROR;
				CLANG_WARN_UNREACHABLE_CODE = YES;
				CLANG_WARN__DUPLICATE_METHOD_MATCH = YES;
				"CODE_SIGN_IDENTITY[sdk=iphoneos*]" = "iPhone Developer";
				COPY_PHASE_STRIP = NO;
				DEBUG_INFORMATION_FORMAT = "dwarf-with-dsym";
				ENABLE_NS_ASSERTIONS = NO;
				ENABLE_STRICT_OBJC_MSGSEND = YES;
				GCC_C_LANGUAGE_STANDARD = gnu99;
				GCC_NO_COMMON_BLOCKS = YES;
				GCC_WARN_64_TO_32_BIT_CONVERSION = YES;
				GCC_WARN_ABOUT_RETURN_TYPE = YES_ERROR;
				GCC_WARN_UNDECLARED_SELECTOR = YES;
				GCC_WARN_UNINITIALIZED_AUTOS = YES_AGGRESSIVE;
				GCC_WARN_UNUSED_FUNCTION = YES;
				GCC_WARN_UNUSED_VARIABLE = YES;
				IPHONEOS_DEPLOYMENT_TARGET = 9.2;
				MTL_ENABLE_DEBUG_INFO = NO;
				SDKROOT = iphoneos;
				TARGETED_DEVICE_FAMILY = "1,2";
				VALIDATE_PRODUCT = YES;
			};
			name = Release;
		};
		504B3A9B1CBE2B6600F7CD5B /* Debug */ = {
			isa = XCBuildConfiguration;
			buildSettings = {
				ASSETCATALOG_COMPILER_APPICON_NAME = AppIcon;
				INFOPLIST_FILE = DataStorage/Info.plist;
				LD_RUNPATH_SEARCH_PATHS = "$(inherited) @executable_path/Frameworks";
				PRODUCT_BUNDLE_IDENTIFIER = com.xingbida.DataStorage;
				PRODUCT_NAME = "$(TARGET_NAME)";
			};
			name = Debug;
		};
		504B3A9C1CBE2B6600F7CD5B /* Release */ = {
			isa = XCBuildConfiguration;
			buildSettings = {
				ASSETCATALOG_COMPILER_APPICON_NAME = AppIcon;
				INFOPLIST_FILE = DataStorage/Info.plist;
				LD_RUNPATH_SEARCH_PATHS = "$(inherited) @executable_path/Frameworks";
				PRODUCT_BUNDLE_IDENTIFIER = com.xingbida.DataStorage;
				PRODUCT_NAME = "$(TARGET_NAME)";
			};
			name = Release;
		};
		504B3A9E1CBE2B6600F7CD5B /* Debug */ = {
			isa = XCBuildConfiguration;
			buildSettings = {
				BUNDLE_LOADER = "$(TEST_HOST)";
				INFOPLIST_FILE = DataStorageTests/Info.plist;
				LD_RUNPATH_SEARCH_PATHS = "$(inherited) @executable_path/Frameworks @loader_path/Frameworks";
				PRODUCT_BUNDLE_IDENTIFIER = com.xingbida.DataStorageTests;
				PRODUCT_NAME = "$(TARGET_NAME)";
				TEST_HOST = "$(BUILT_PRODUCTS_DIR)/DataStorage.app/DataStorage";
			};
			name = Debug;
		};
		504B3A9F1CBE2B6600F7CD5B /* Release */ = {
			isa = XCBuildConfiguration;
			buildSettings = {
				BUNDLE_LOADER = "$(TEST_HOST)";
				INFOPLIST_FILE = DataStorageTests/Info.plist;
				LD_RUNPATH_SEARCH_PATHS = "$(inherited) @executable_path/Frameworks @loader_path/Frameworks";
				PRODUCT_BUNDLE_IDENTIFIER = com.xingbida.DataStorageTests;
				PRODUCT_NAME = "$(TARGET_NAME)";
				TEST_HOST = "$(BUILT_PRODUCTS_DIR)/DataStorage.app/DataStorage";
			};
			name = Release;
		};
		504B3AA11CBE2B6600F7CD5B /* Debug */ = {
			isa = XCBuildConfiguration;
			buildSettings = {
				INFOPLIST_FILE = DataStorageUITests/Info.plist;
				LD_RUNPATH_SEARCH_PATHS = "$(inherited) @executable_path/Frameworks @loader_path/Frameworks";
				PRODUCT_BUNDLE_IDENTIFIER = com.xingbida.DataStorageUITests;
				PRODUCT_NAME = "$(TARGET_NAME)";
				TEST_TARGET_NAME = DataStorage;
				USES_XCTRUNNER = YES;
			};
			name = Debug;
		};
		504B3AA21CBE2B6600F7CD5B /* Release */ = {
			isa = XCBuildConfiguration;
			buildSettings = {
				INFOPLIST_FILE = DataStorageUITests/Info.plist;
				LD_RUNPATH_SEARCH_PATHS = "$(inherited) @executable_path/Frameworks @loader_path/Frameworks";
				PRODUCT_BUNDLE_IDENTIFIER = com.xingbida.DataStorageUITests;
				PRODUCT_NAME = "$(TARGET_NAME)";
				TEST_TARGET_NAME = DataStorage;
				USES_XCTRUNNER = YES;
			};
			name = Release;
		};
/* End XCBuildConfiguration section */

/* Begin XCConfigurationList section */
		504B3A681CBE2B6600F7CD5B /* Build configuration list for PBXProject "DataStorage" */ = {
			isa = XCConfigurationList;
			buildConfigurations = (
				504B3A981CBE2B6600F7CD5B /* Debug */,
				504B3A991CBE2B6600F7CD5B /* Release */,
			);
			defaultConfigurationIsVisible = 0;
			defaultConfigurationName = Release;
		};
		504B3A9A1CBE2B6600F7CD5B /* Build configuration list for PBXNativeTarget "DataStorage" */ = {
			isa = XCConfigurationList;
			buildConfigurations = (
				504B3A9B1CBE2B6600F7CD5B /* Debug */,
				504B3A9C1CBE2B6600F7CD5B /* Release */,
			);
			defaultConfigurationIsVisible = 0;
			defaultConfigurationName = Release;
		};
		504B3A9D1CBE2B6600F7CD5B /* Build configuration list for PBXNativeTarget "DataStorageTests" */ = {
			isa = XCConfigurationList;
			buildConfigurations = (
				504B3A9E1CBE2B6600F7CD5B /* Debug */,
				504B3A9F1CBE2B6600F7CD5B /* Release */,
			);
			defaultConfigurationIsVisible = 0;
			defaultConfigurationName = Release;
		};
		504B3AA01CBE2B6600F7CD5B /* Build configuration list for PBXNativeTarget "DataStorageUITests" */ = {
			isa = XCConfigurationList;
			buildConfigurations = (
				504B3AA11CBE2B6600F7CD5B /* Debug */,
				504B3AA21CBE2B6600F7CD5B /* Release */,
			);
			defaultConfigurationIsVisible = 0;
			defaultConfigurationName = Release;
		};
/* End XCConfigurationList section */
	};
	rootObject = 504B3A651CBE2B6600F7CD5B /* Project object */;
}
